
Microsoft Visual Studio Solution File, Format Version 12.00
# Visual Studio Version 17
VisualStudioVersion = 17.14.36414.22 d17.14
MinimumVisualStudioVersion = 10.0.40219.1
Project("{FAE04EC0-301F-11D3-BF4B-00C04F79EFBC}") = "WEBAPI_Core_DataAnnotations", "WEBAPI_Core_DataAnnotations\WEBAPI_Core_DataAnnotations.csproj", "{7AAD2407-F822-472C-987F-CEF7BCBCCEA9}"
EndProject
Global
	GlobalSection(SolutionConfigurationPlatforms) = preSolution
		Debug|Any CPU = Debug|Any CPU
		Release|Any CPU = Release|Any CPU
	EndGlobalSection
	GlobalSection(ProjectConfigurationPlatforms) = postSolution
		{7AAD2407-F822-472C-987F-CEF7BCBCCEA9}.Debug|Any CPU.ActiveCfg = Debug|Any CPU
		{7AAD2407-F822-472C-987F-CEF7BCBCCEA9}.Debug|Any CPU.Build.0 = Debug|Any CPU
		{7AAD2407-F822-472C-987F-CEF7BCBCCEA9}.Release|Any CPU.ActiveCfg = Release|Any CPU
		{7AAD2407-F822-472C-987F-CEF7BCBCCEA9}.Release|Any CPU.Build.0 = Release|Any CPU
	EndGlobalSection
	GlobalSection(SolutionProperties) = preSolution
		HideSolutionNode = FALSE
	EndGlobalSection
	GlobalSection(ExtensibilityGlobals) = postSolution
		SolutionGuid = {335554AE-3760-4F72-8444-8279A8C34249}
	EndGlobalSection
EndGlobal
